
Microsoft Visual Studio Solution File, Format Version 12.00
# Visual Studio Version 16
VisualStudioVersion = 16.0.30816.121
MinimumVisualStudioVersion = 10.0.40219.1
Project("{FAE04EC0-301F-11D3-BF4B-00C04F79EFBC}") = "DKD Express", "DKD Express\DKD Express.csproj", "{4BC4E159-2A01-478A-B0F4-3DB80200ED33}"
EndProject
Global
	GlobalSection(SolutionConfigurationPlatforms) = preSolution
		Debug|Any CPU = Debug|Any CPU
		Release|Any CPU = Release|Any CPU
	EndGlobalSection
	GlobalSection(ProjectConfigurationPlatforms) = postSolution
		{4BC4E159-2A01-478A-B0F4-3DB80200ED33}.Debug|Any CPU.ActiveCfg = Debug|Any CPU
		{4BC4E159-2A01-478A-B0F4-3DB80200ED33}.Debug|Any CPU.Build.0 = Debug|Any CPU
		{4BC4E159-2A01-478A-B0F4-3DB80200ED33}.Release|Any CPU.ActiveCfg = Release|Any CPU
		{4BC4E159-2A01-478A-B0F4-3DB80200ED33}.Release|Any CPU.Build.0 = Release|Any CPU
	EndGlobalSection
	GlobalSection(SolutionProperties) = preSolution
		HideSolutionNode = FALSE
	EndGlobalSection
	GlobalSection(ExtensibilityGlobals) = postSolution
		SolutionGuid = {7045A368-B176-427D-9C06-78CE06799FBF}
	EndGlobalSection
EndGlobal
